
Microsoft Visual Studio Solution File, Format Version 12.00
# Visual Studio Version 17
VisualStudioVersion = 17.3.32929.385
MinimumVisualStudioVersion = 10.0.40219.1
Project("{FAE04EC0-301F-11D3-BF4B-00C04F79EFBC}") = "MvcDemo4", "MvcDemo4\MvcDemo4.csproj", "{7103430D-0462-4C3E-9EF2-50850F9AA607}"
EndProject
Project("{FAE04EC0-301F-11D3-BF4B-00C04F79EFBC}") = "MvcDemo4.DAL", "MvcDemo4.DAL\MvcDemo4.DAL.csproj", "{C1746CA0-7086-4EB6-939A-F649ECAA2BDA}"
EndProject
Project("{FAE04EC0-301F-11D3-BF4B-00C04F79EFBC}") = "MvcDemo4.BL", "MvcDemo4.BL\MvcDemo4.BL.csproj", "{108EC599-481D-44CA-912B-89F32692C740}"
EndProject
Global
	GlobalSection(SolutionConfigurationPlatforms) = preSolution
		Debug|Any CPU = Debug|Any CPU
		Release|Any CPU = Release|Any CPU
	EndGlobalSection
	GlobalSection(ProjectConfigurationPlatforms) = postSolution
		{7103430D-0462-4C3E-9EF2-50850F9AA607}.Debug|Any CPU.ActiveCfg = Debug|Any CPU
		{7103430D-0462-4C3E-9EF2-50850F9AA607}.Debug|Any CPU.Build.0 = Debug|Any CPU
		{7103430D-0462-4C3E-9EF2-50850F9AA607}.Release|Any CPU.ActiveCfg = Release|Any CPU
		{7103430D-0462-4C3E-9EF2-50850F9AA607}.Release|Any CPU.Build.0 = Release|Any CPU
		{C1746CA0-7086-4EB6-939A-F649ECAA2BDA}.Debug|Any CPU.ActiveCfg = Debug|Any CPU
		{C1746CA0-7086-4EB6-939A-F649ECAA2BDA}.Debug|Any CPU.Build.0 = Debug|Any CPU
		{C1746CA0-7086-4EB6-939A-F649ECAA2BDA}.Release|Any CPU.ActiveCfg = Release|Any CPU
		{C1746CA0-7086-4EB6-939A-F649ECAA2BDA}.Release|Any CPU.Build.0 = Release|Any CPU
		{108EC599-481D-44CA-912B-89F32692C740}.Debug|Any CPU.ActiveCfg = Debug|Any CPU
		{108EC599-481D-44CA-912B-89F32692C740}.Debug|Any CPU.Build.0 = Debug|Any CPU
		{108EC599-481D-44CA-912B-89F32692C740}.Release|Any CPU.ActiveCfg = Release|Any CPU
		{108EC599-481D-44CA-912B-89F32692C740}.Release|Any CPU.Build.0 = Release|Any CPU
	EndGlobalSection
	GlobalSection(SolutionProperties) = preSolution
		HideSolutionNode = FALSE
	EndGlobalSection
	GlobalSection(ExtensibilityGlobals) = postSolution
		SolutionGuid = {9A308E31-8526-4EF2-B179-079ED4D4F04A}
	EndGlobalSection
EndGlobal
